
Microsoft Visual Studio Solution File, Format Version 12.00
# Visual Studio 15
VisualStudioVersion = 15.0.28307.572
MinimumVisualStudioVersion = 10.0.40219.1
Project("{FAE04EC0-301F-11D3-BF4B-00C04F79EFBC}") = "LYQ.Datatables", "LYQ.Datatables\LYQ.Datatables.csproj", "{E0F42C74-47A4-41C8-BEEF-95C3684D0FB6}"
EndProject
Global
	GlobalSection(SolutionConfigurationPlatforms) = preSolution
		Debug|Any CPU = Debug|Any CPU
		Release|Any CPU = Release|Any CPU
	EndGlobalSection
	GlobalSection(ProjectConfigurationPlatforms) = postSolution
		{E0F42C74-47A4-41C8-BEEF-95C3684D0FB6}.Debug|Any CPU.ActiveCfg = Debug|Any CPU
		{E0F42C74-47A4-41C8-BEEF-95C3684D0FB6}.Debug|Any CPU.Build.0 = Debug|Any CPU
		{E0F42C74-47A4-41C8-BEEF-95C3684D0FB6}.Release|Any CPU.ActiveCfg = Release|Any CPU
		{E0F42C74-47A4-41C8-BEEF-95C3684D0FB6}.Release|Any CPU.Build.0 = Release|Any CPU
	EndGlobalSection
	GlobalSection(SolutionProperties) = preSolution
		HideSolutionNode = FALSE
	EndGlobalSection
	GlobalSection(ExtensibilityGlobals) = postSolution
		SolutionGuid = {C4FE15EE-EA1F-4E77-B1BC-34E699289AB6}
	EndGlobalSection
EndGlobal
